
Microsoft Visual Studio Solution File, Format Version 12.00
# Visual Studio Version 16
VisualStudioVersion = 16.0.31702.278
MinimumVisualStudioVersion = 10.0.40219.1
Project("{8BC9CEB8-8B4A-11D0-8D11-00A0C91BC942}") = "2557", "2557\2557.vcxproj", "{69B4F56E-B2CE-4425-ABE9-7A89FBB2689C}"
EndProject
Project("{8BC9CEB8-8B4A-11D0-8D11-00A0C91BC942}") = "1000", "1000\1000.vcxproj", "{7784207F-9351-4F3B-A2FA-169A191B6D5C}"
EndProject
Project("{8BC9CEB8-8B4A-11D0-8D11-00A0C91BC942}") = "1001", "1001\1001.vcxproj", "{107B9A0C-827B-4923-A513-5BA5206C1F5D}"
EndProject
Project("{8BC9CEB8-8B4A-11D0-8D11-00A0C91BC942}") = "1008", "1008\1008.vcxproj", "{9D900E21-4EA7-451D-AA10-A21225BBF660}"
EndProject
Project("{8BC9CEB8-8B4A-11D0-8D11-00A0C91BC942}") = "1152", "1152\1152.vcxproj", "{0E6FD06B-2C0A-497A-B52A-6D4AA23CF0E7}"
EndProject
Project("{8BC9CEB8-8B4A-11D0-8D11-00A0C91BC942}") = "1330", "1330\1330.vcxproj", "{38ABC142-4886-42F0-8CDD-2D56B902DC7A}"
EndProject
Project("{8BC9CEB8-8B4A-11D0-8D11-00A0C91BC942}") = "1157", "1157\1157.vcxproj", "{305C7942-D461-40F2-8A5C-63E8D73CAC96}"
EndProject
Project("{8BC9CEB8-8B4A-11D0-8D11-00A0C91BC942}") = "1546", "1546\1546.vcxproj", "{5FFA0CB4-3204-4BC2-B835-0D27DAAB4AFA}"
EndProject
Project("{8BC9CEB8-8B4A-11D0-8D11-00A0C91BC942}") = "2438", "2438\2438.vcxproj", "{8BA15345-6008-45D3-A73F-A1B863EBA158}"
EndProject
Project("{8BC9CEB8-8B4A-11D0-8D11-00A0C91BC942}") = "2439", "2439\2439.vcxproj", "{D308EB9D-F944-41F3-A8E0-62D4382114EB}"
EndProject
Project("{8BC9CEB8-8B4A-11D0-8D11-00A0C91BC942}") = "2475", "2475\2475.vcxproj", "{72C0DB68-00DF-4660-8E12-B25823BDC123}"
EndProject
Project("{8BC9CEB8-8B4A-11D0-8D11-00A0C91BC942}") = "2562", "2562\2562.vcxproj", "{53FAFD03-0910-4D2E-A2A2-28F0AF93AA25}"
EndProject
Project("{8BC9CEB8-8B4A-11D0-8D11-00A0C91BC942}") = "2577", "2577\2577.vcxproj", "{77E96B63-9B64-42AC-BF54-A7745532B2B4}"
EndProject
Project("{8BC9CEB8-8B4A-11D0-8D11-00A0C91BC942}") = "2675", "2675\2675.vcxproj", "{FFB3FD24-5F41-41A5-97E0-70072E3A32F4}"
EndProject
Project("{8BC9CEB8-8B4A-11D0-8D11-00A0C91BC942}") = "2739", "2739\2739.vcxproj", "{5BBDB15B-B7C9-47C3-B50E-795ADE652C16}"
EndProject
Project("{8BC9CEB8-8B4A-11D0-8D11-00A0C91BC942}") = "2741", "2741\2741.vcxproj", "{A550496B-E1B3-4AC8-BEC9-E4386AEEFF82}"
EndProject
Project("{8BC9CEB8-8B4A-11D0-8D11-00A0C91BC942}") = "2742", "2742\2742.vcxproj", "{755F616F-4C87-43D4-8FA3-E694D71DA264}"
EndProject
Project("{8BC9CEB8-8B4A-11D0-8D11-00A0C91BC942}") = "2753", "2753\2753.vcxproj", "{2454FA15-193C-4257-B609-1D16370FA96C}"
EndProject
Global
	GlobalSection(SolutionConfigurationPlatforms) = preSolution
		Debug|x64 = Debug|x64
		Debug|x86 = Debug|x86
		Release|x64 = Release|x64
		Release|x86 = Release|x86
	EndGlobalSection
	GlobalSection(ProjectConfigurationPlatforms) = postSolution
		{69B4F56E-B2CE-4425-ABE9-7A89FBB2689C}.Debug|x64.ActiveCfg = Debug|x64
		{69B4F56E-B2CE-4425-ABE9-7A89FBB2689C}.Debug|x64.Build.0 = Debug|x64
		{69B4F56E-B2CE-4425-ABE9-7A89FBB2689C}.Debug|x86.ActiveCfg = Debug|Win32
		{69B4F56E-B2CE-4425-ABE9-7A89FBB2689C}.Debug|x86.Build.0 = Debug|Win32
		{69B4F56E-B2CE-4425-ABE9-7A89FBB2689C}.Release|x64.ActiveCfg = Release|x64
		{69B4F56E-B2CE-4425-ABE9-7A89FBB2689C}.Release|x64.Build.0 = Release|x64
		{69B4F56E-B2CE-4425-ABE9-7A89FBB2689C}.Release|x86.ActiveCfg = Release|Win32
		{69B4F56E-B2CE-4425-ABE9-7A89FBB2689C}.Release|x86.Build.0 = Release|Win32
		{7784207F-9351-4F3B-A2FA-169A191B6D5C}.Debug|x64.ActiveCfg = Debug|x64
		{7784207F-9351-4F3B-A2FA-169A191B6D5C}.Debug|x64.Build.0 = Debug|x64
		{7784207F-9351-4F3B-A2FA-169A191B6D5C}.Debug|x86.ActiveCfg = Debug|Win32
		{7784207F-9351-4F3B-A2FA-169A191B6D5C}.Debug|x86.Build.0 = Debug|Win32
		{7784207F-9351-4F3B-A2FA-169A191B6D5C}.Release|x64.ActiveCfg = Release|x64
		{7784207F-9351-4F3B-A2FA-169A191B6D5C}.Release|x64.Build.0 = Release|x64
		{7784207F-9351-4F3B-A2FA-169A191B6D5C}.Release|x86.ActiveCfg = Release|Win32
		{7784207F-9351-4F3B-A2FA-169A191B6D5C}.Release|x86.Build.0 = Release|Win32
		{107B9A0C-827B-4923-A513-5BA5206C1F5D}.Debug|x64.ActiveCfg = Debug|x64
		{107B9A0C-827B-4923-A513-5BA5206C1F5D}.Debug|x64.Build.0 = Debug|x64
		{107B9A0C-827B-4923-A513-5BA5206C1F5D}.Debug|x86.ActiveCfg = Debug|Win32
		{107B9A0C-827B-4923-A513-5BA5206C1F5D}.Debug|x86.Build.0 = Debug|Win32
		{107B9A0C-827B-4923-A513-5BA5206C1F5D}.Release|x64.ActiveCfg = Release|x64
		{107B9A0C-827B-4923-A513-5BA5206C1F5D}.Release|x64.Build.0 = Release|x64
		{107B9A0C-827B-4923-A513-5BA5206C1F5D}.Release|x86.ActiveCfg = Release|Win32
		{107B9A0C-827B-4923-A513-5BA5206C1F5D}.Release|x86.Build.0 = Release|Win32
		{9D900E21-4EA7-451D-AA10-A21225BBF660}.Debug|x64.ActiveCfg = Debug|x64
		{9D900E21-4EA7-451D-AA10-A21225BBF660}.Debug|x64.Build.0 = Debug|x64
		{9D900E21-4EA7-451D-AA10-A21225BBF660}.Debug|x86.ActiveCfg = Debug|Win32
		{9D900E21-4EA7-451D-AA10-A21225BBF660}.Debug|x86.Build.0 = Debug|Win32
		{9D900E21-4EA7-451D-AA10-A21225BBF660}.Release|x64.ActiveCfg = Release|x64
		{9D900E21-4EA7-451D-AA10-A21225BBF660}.Release|x64.Build.0 = Release|x64
		{9D900E21-4EA7-451D-AA10-A21225BBF660}.Release|x86.ActiveCfg = Release|Win32
		{9D900E21-4EA7-451D-AA10-A21225BBF660}.Release|x86.Build.0 = Release|Win32
		{0E6FD06B-2C0A-497A-B52A-6D4AA23CF0E7}.Debug|x64.ActiveCfg = Debug|x64
		{0E6FD06B-2C0A-497A-B52A-6D4AA23CF0E7}.Debug|x64.Build.0 = Debug|x64
		{0E6FD06B-2C0A-497A-B52A-6D4AA23CF0E7}.Debug|x86.ActiveCfg = Debug|Win32
		{0E6FD06B-2C0A-497A-B52A-6D4AA23CF0E7}.Debug|x86.Build.0 = Debug|Win32
		{0E6FD06B-2C0A-497A-B52A-6D4AA23CF0E7}.Release|x64.ActiveCfg = Release|x64
		{0E6FD06B-2C0A-497A-B52A-6D4AA23CF0E7}.Release|x64.Build.0 = Release|x64
		{0E6FD06B-2C0A-497A-B52A-6D4AA23CF0E7}.Release|x86.ActiveCfg = Release|Win32
		{0E6FD06B-2C0A-497A-B52A-6D4AA23CF0E7}.Release|x86.Build.0 = Release|Win32
		{38ABC142-4886-42F0-8CDD-2D56B902DC7A}.Debug|x64.ActiveCfg = Debug|x64
		{38ABC142-4886-42F0-8CDD-2D56B902DC7A}.Debug|x64.Build.0 = Debug|x64
		{38ABC142-4886-42F0-8CDD-2D56B902DC7A}.Debug|x86.ActiveCfg = Debug|Win32
		{38ABC142-4886-42F0-8CDD-2D56B902DC7A}.Debug|x86.Build.0 = Debug|Win32
		{38ABC142-4886-42F0-8CDD-2D56B902DC7A}.Release|x64.ActiveCfg = Release|x64
		{38ABC142-4886-42F0-8CDD-2D56B902DC7A}.Release|x64.Build.0 = Release|x64
		{38ABC142-4886-42F0-8CDD-2D56B902DC7A}.Release|x86.ActiveCfg = Release|Win32
		{38ABC142-4886-42F0-8CDD-2D56B902DC7A}.Release|x86.Build.0 = Release|Win32
		{305C7942-D461-40F2-8A5C-63E8D73CAC96}.Debug|x64.ActiveCfg = Debug|x64
		{305C7942-D461-40F2-8A5C-63E8D73CAC96}.Debug|x64.Build.0 = Debug|x64
		{305C7942-D461-40F2-8A5C-63E8D73CAC96}.Debug|x86.ActiveCfg = Debug|Win32
		{305C7942-D461-40F2-8A5C-63E8D73CAC96}.Debug|x86.Build.0 = Debug|Win32
		{305C7942-D461-40F2-8A5C-63E8D73CAC96}.Release|x64.ActiveCfg = Release|x64
		{305C7942-D461-40F2-8A5C-63E8D73CAC96}.Release|x64.Build.0 = Release|x64
		{305C7942-D461-40F2-8A5C-63E8D73CAC96}.Release|x86.ActiveCfg = Release|Win32
		{305C7942-D461-40F2-8A5C-63E8D73CAC96}.Release|x86.Build.0 = Release|Win32
		{5FFA0CB4-3204-4BC2-B835-0D27DAAB4AFA}.Debug|x64.ActiveCfg = Debug|x64
		{5FFA0CB4-3204-4BC2-B835-0D27DAAB4AFA}.Debug|x64.Build.0 = Debug|x64
		{5FFA0CB4-3204-4BC2-B835-0D27DAAB4AFA}.Debug|x86.ActiveCfg = Debug|Win32
		{5FFA0CB4-3204-4BC2-B835-0D27DAAB4AFA}.Debug|x86.Build.0 = Debug|Win32
		{5FFA0CB4-3204-4BC2-B835-0D27DAAB4AFA}.Release|x64.ActiveCfg = Release|x64
		{5FFA0CB4-3204-4BC2-B835-0D27DAAB4AFA}.Release|x64.Build.0 = Release|x64
		{5FFA0CB4-3204-4BC2-B835-0D27DAAB4AFA}.Release|x86.ActiveCfg = Release|Win32
		{5FFA0CB4-3204-4BC2-B835-0D27DAAB4AFA}.Release|x86.Build.0 = Release|Win32
		{8BA15345-6008-45D3-A73F-A1B863EBA158}.Debug|x64.ActiveCfg = Debug|x64
		{8BA15345-6008-45D3-A73F-A1B863EBA158}.Debug|x64.Build.0 = Debug|x64
		{8BA15345-6008-45D3-A73F-A1B863EBA158}.Debug|x86.ActiveCfg = Debug|Win32
		{8BA15345-6008-45D3-A73F-A1B863EBA158}.Debug|x86.Build.0 = Debug|Win32
		{8BA15345-6008-45D3-A73F-A1B863EBA158}.Release|x64.ActiveCfg = Release|x64
		{8BA15345-6008-45D3-A73F-A1B863EBA158}.Release|x64.Build.0 = Release|x64
		{8BA15345-6008-45D3-A73F-A1B863EBA158}.Release|x86.ActiveCfg = Release|Win32
		{8BA15345-6008-45D3-A73F-A1B863EBA158}.Release|x86.Build.0 = Release|Win32
		{D308EB9D-F944-41F3-A8E0-62D4382114EB}.Debug|x64.ActiveCfg = Debug|x64
		{D308EB9D-F944-41F3-A8E0-62D4382114EB}.Debug|x64.Build.0 = Debug|x64
		{D308EB9D-F944-41F3-A8E0-62D4382114EB}.Debug|x86.ActiveCfg = Debug|Win32
		{D308EB9D-F944-41F3-A8E0-62D4382114EB}.Debug|x86.Build.0 = Debug|Win32
		{D308EB9D-F944-41F3-A8E0-62D4382114EB}.Release|x64.ActiveCfg = Release|x64
		{D308EB9D-F944-41F3-A8E0-62D4382114EB}.Release|x64.Build.0 = Release|x64
		{D308EB9D-F944-41F3-A8E0-62D4382114EB}.Release|x86.ActiveCfg = Release|Win32
		{D308EB9D-F944-41F3-A8E0-62D4382114EB}.Release|x86.Build.0 = Release|Win32
		{72C0DB68-00DF-4660-8E12-B25823BDC123}.Debug|x64.ActiveCfg = Debug|x64
		{72C0DB68-00DF-4660-8E12-B25823BDC123}.Debug|x64.Build.0 = Debug|x64
		{72C0DB68-00DF-4660-8E12-B25823BDC123}.Debug|x86.ActiveCfg = Debug|Win32
		{72C0DB68-00DF-4660-8E12-B25823BDC123}.Debug|x86.Build.0 = Debug|Win32
		{72C0DB68-00DF-4660-8E12-B25823BDC123}.Release|x64.ActiveCfg = Release|x64
		{72C0DB68-00DF-4660-8E12-B25823BDC123}.Release|x64.Build.0 = Release|x64
		{72C0DB68-00DF-4660-8E12-B25823BDC123}.Release|x86.ActiveCfg = Release|Win32
		{72C0DB68-00DF-4660-8E12-B25823BDC123}.Release|x86.Build.0 = Release|Win32
		{53FAFD03-0910-4D2E-A2A2-28F0AF93AA25}.Debug|x64.ActiveCfg = Debug|x64
		{53FAFD03-0910-4D2E-A2A2-28F0AF93AA25}.Debug|x64.Build.0 = Debug|x64
		{53FAFD03-0910-4D2E-A2A2-28F0AF93AA25}.Debug|x86.ActiveCfg = Debug|Win32
		{53FAFD03-0910-4D2E-A2A2-28F0AF93AA25}.Debug|x86.Build.0 = Debug|Win32
		{53FAFD03-0910-4D2E-A2A2-28F0AF93AA25}.Release|x64.ActiveCfg = Release|x64
		{53FAFD03-0910-4D2E-A2A2-28F0AF93AA25}.Release|x64.Build.0 = Release|x64
		{53FAFD03-0910-4D2E-A2A2-28F0AF93AA25}.Release|x86.ActiveCfg = Release|Win32
		{53FAFD03-0910-4D2E-A2A2-28F0AF93AA25}.Release|x86.Build.0 = Release|Win32
		{77E96B63-9B64-42AC-BF54-A7745532B2B4}.Debug|x64.ActiveCfg = Debug|x64
		{77E96B63-9B64-42AC-BF54-A7745532B2B4}.Debug|x64.Build.0 = Debug|x64
		{77E96B63-9B64-42AC-BF54-A7745532B2B4}.Debug|x86.ActiveCfg = Debug|Win32
		{77E96B63-9B64-42AC-BF54-A7745532B2B4}.Debug|x86.Build.0 = Debug|Win32
		{77E96B63-9B64-42AC-BF54-A7745532B2B4}.Release|x64.ActiveCfg = Release|x64
		{77E96B63-9B64-42AC-BF54-A7745532B2B4}.Release|x64.Build.0 = Release|x64
		{77E96B63-9B64-42AC-BF54-A7745532B2B4}.Release|x86.ActiveCfg = Release|Win32
		{77E96B63-9B64-42AC-BF54-A7745532B2B4}.Release|x86.Build.0 = Release|Win32
		{FFB3FD24-5F41-41A5-97E0-70072E3A32F4}.Debug|x64.ActiveCfg = Debug|x64
		{FFB3FD24-5F41-41A5-97E0-70072E3A32F4}.Debug|x64.Build.0 = Debug|x64
		{FFB3FD24-5F41-41A5-97E0-70072E3A32F4}.Debug|x86.ActiveCfg = Debug|Win32
		{FFB3FD24-5F41-41A5-97E0-70072E3A32F4}.Debug|x86.Build.0 = Debug|Win32
		{FFB3FD24-5F41-41A5-97E0-70072E3A32F4}.Release|x64.ActiveCfg = Release|x64
		{FFB3FD24-5F41-41A5-97E0-70072E3A32F4}.Release|x64.Build.0 = Release|x64
		{FFB3FD24-5F41-41A5-97E0-70072E3A32F4}.Release|x86.ActiveCfg = Release|Win32
		{FFB3FD24-5F41-41A5-97E0-70072E3A32F4}.Release|x86.Build.0 = Release|Win32
		{5BBDB15B-B7C9-47C3-B50E-795ADE652C16}.Debug|x64.ActiveCfg = Debug|x64
		{5BBDB15B-B7C9-47C3-B50E-795ADE652C16}.Debug|x64.Build.0 = Debug|x64
		{5BBDB15B-B7C9-47C3-B50E-795ADE652C16}.Debug|x86.ActiveCfg = Debug|Win32
		{5BBDB15B-B7C9-47C3-B50E-795ADE652C16}.Debug|x86.Build.0 = Debug|Win32
		{5BBDB15B-B7C9-47C3-B50E-795ADE652C16}.Release|x64.ActiveCfg = Release|x64
		{5BBDB15B-B7C9-47C3-B50E-795ADE652C16}.Release|x64.Build.0 = Release|x64
		{5BBDB15B-B7C9-47C3-B50E-795ADE652C16}.Release|x86.ActiveCfg = Release|Win32
		{5BBDB15B-B7C9-47C3-B50E-795ADE652C16}.Release|x86.Build.0 = Release|Win32
		{A550496B-E1B3-4AC8-BEC9-E4386AEEFF82}.Debug|x64.ActiveCfg = Debug|x64
		{A550496B-E1B3-4AC8-BEC9-E4386AEEFF82}.Debug|x64.Build.0 = Debug|x64
		{A550496B-E1B3-4AC8-BEC9-E4386AEEFF82}.Debug|x86.ActiveCfg = Debug|Win32
		{A550496B-E1B3-4AC8-BEC9-E4386AEEFF82}.Debug|x86.Build.0 = Debug|Win32
		{A550496B-E1B3-4AC8-BEC9-E4386AEEFF82}.Release|x64.ActiveCfg = Release|x64
		{A550496B-E1B3-4AC8-BEC9-E4386AEEFF82}.Release|x64.Build.0 = Release|x64
		{A550496B-E1B3-4AC8-BEC9-E4386AEEFF82}.Release|x86.ActiveCfg = Release|Win32
		{A550496B-E1B3-4AC8-BEC9-E4386AEEFF82}.Release|x86.Build.0 = Release|Win32
		{755F616F-4C87-43D4-8FA3-E694D71DA264}.Debug|x64.ActiveCfg = Debug|x64
		{755F616F-4C87-43D4-8FA3-E694D71DA264}.Debug|x64.Build.0 = Debug|x64
		{755F616F-4C87-43D4-8FA3-E694D71DA264}.Debug|x86.ActiveCfg = Debug|Win32
		{755F616F-4C87-43D4-8FA3-E694D71DA264}.Debug|x86.Build.0 = Debug|Win32
		{755F616F-4C87-43D4-8FA3-E694D71DA264}.Release|x64.ActiveCfg = Release|x64
		{755F616F-4C87-43D4-8FA3-E694D71DA264}.Release|x64.Build.0 = Release|x64
		{755F616F-4C87-43D4-8FA3-E694D71DA264}.Release|x86.ActiveCfg = Release|Win32
		{755F616F-4C87-43D4-8FA3-E694D71DA264}.Release|x86.Build.0 = Release|Win32
		{2454FA15-193C-4257-B609-1D16370FA96C}.Debug|x64.ActiveCfg = Debug|x64
		{2454FA15-193C-4257-B609-1D16370FA96C}.Debug|x64.Build.0 = Debug|x64
		{2454FA15-193C-4257-B609-1D16370FA96C}.Debug|x86.ActiveCfg = Debug|Win32
		{2454FA15-193C-4257-B609-1D16370FA96C}.Debug|x86.Build.0 = Debug|Win32
		{2454FA15-193C-4257-B609-1D16370FA96C}.Release|x64.ActiveCfg = Release|x64
		{2454FA15-193C-4257-B609-1D16370FA96C}.Release|x64.Build.0 = Release|x64
		{2454FA15-193C-4257-B609-1D16370FA96C}.Release|x86.ActiveCfg = Release|Win32
		{2454FA15-193C-4257-B609-1D16370FA96C}.Release|x86.Build.0 = Release|Win32
	EndGlobalSection
	GlobalSection(SolutionProperties) = preSolution
		HideSolutionNode = FALSE
	EndGlobalSection
	GlobalSection(ExtensibilityGlobals) = postSolution
		SolutionGuid = {ED14D401-0440-41EB-A7AB-B9F6A905ADEB}
	EndGlobalSection
EndGlobal
