
Microsoft Visual Studio Solution File, Format Version 12.00
# Visual Studio Version 16
VisualStudioVersion = 16.0.31702.278
MinimumVisualStudioVersion = 10.0.40219.1
Project("{8BC9CEB8-8B4A-11D0-8D11-00A0C91BC942}") = "2557", "2557\2557.vcxproj", "{69B4F56E-B2CE-4425-ABE9-7A89FBB2689C}"
EndProject
Project("{8BC9CEB8-8B4A-11D0-8D11-00A0C91BC942}") = "1000", "1000\1000.vcxproj", "{7784207F-9351-4F3B-A2FA-169A191B6D5C}"
EndProject
Project("{8BC9CEB8-8B4A-11D0-8D11-00A0C91BC942}") = "1001", "1001\1001.vcxproj", "{107B9A0C-827B-4923-A513-5BA5206C1F5D}"
EndProject
Project("{8BC9CEB8-8B4A-11D0-8D11-00A0C91BC942}") = "1008", "1008\1008.vcxproj", "{9D900E21-4EA7-451D-AA10-A21225BBF660}"
EndProject
Project("{8BC9CEB8-8B4A-11D0-8D11-00A0C91BC942}") = "1152", "1152\1152.vcxproj", "{0E6FD06B-2C0A-497A-B52A-6D4AA23CF0E7}"
EndProject
Project("{8BC9CEB8-8B4A-11D0-8D11-00A0C91BC942}") = "1330", "1330\1330.vcxproj", "{38ABC142-4886-42F0-8CDD-2D56B902DC7A}"
EndProject
Project("{8BC9CEB8-8B4A-11D0-8D11-00A0C91BC942}") = "1157", "1157\1157.vcxproj", "{305C7942-D461-40F2-8A5C-63E8D73CAC96}"
EndProject
Project("{8BC9CEB8-8B4A-11D0-8D11-00A0C91BC942}") = "1546", "1546\1546.vcxproj", "{5FFA0CB4-3204-4BC2-B835-0D27DAAB4AFA}"
EndProject
Project("{8BC9CEB8-8B4A-11D0-8D11-00A0C91BC942}") = "2438", "2438\2438.vcxproj", "{8BA15345-6008-45D3-A73F-A1B863EBA158}"
EndProject
Project("{8BC9CEB8-8B4A-11D0-8D11-00A0C91BC942}") = "2439", "2439\2439.vcxproj", "{D308EB9D-F944-41F3-A8E0-62D4382114EB}"
EndProject
Project("{8BC9CEB8-8B4A-11D0-8D11-00A0C91BC942}") = "2475", "2475\2475.vcxproj", "{72C0DB68-00DF-4660-8E12-B25823BDC123}"
EndProject
Project("{8BC9CEB8-8B4A-11D0-8D11-00A0C91BC942}") = "2562", "2562\2562.vcxproj", "{53FAFD03-0910-4D2E-A2A2-28F0AF93AA25}"
EndProject
Project("{8BC9CEB8-8B4A-11D0-8D11-00A0C91BC942}") = "2577", "2577\2577.vcxproj", "{77E96B63-9B64-42AC-BF54-A7745532B2B4}"
EndProject
Project("{8BC9CEB8-8B4A-11D0-8D11-00A0C91BC942}") = "2675", "2675\2675.vcxproj", "{FFB3FD24-5F41-41A5-97E0-70072E3A32F4}"
EndProject
Project("{8BC9CEB8-8B4A-11D0-8D11-00A0C91BC942}") = "2739", "2739\2739.vcxproj", "{5BBDB15B-B7C9-47C3-B50E-795ADE652C16}"
EndProject
Project("{8BC9CEB8-8B4A-11D0-8D11-00A0C91BC942}") = "2741", "2741\2741.vcxproj", "{A550496B-E1B3-4AC8-BEC9-E4386AEEFF82}"
EndProject
Project("{8BC9CEB8-8B4A-11D0-8D11-00A0C91BC942}") = "2742", "2742\2742.vcxproj", "{755F616F-4C87-43D4-8FA3-E694D71DA264}"
EndProject
Project("{8BC9CEB8-8B4A-11D0-8D11-00A0C91BC942}") = "2753", "2753\2753.vcxproj", "{2454FA15-193C-4257-B609-1D16370FA96C}"
EndProject
Project("{8BC9CEB8-8B4A-11D0-8D11-00A0C91BC942}") = "2884", "2884\2884.vcxproj", "{594BF039-E576-4716-98BC-F91F4484E36F}"
EndProject
Project("{8BC9CEB8-8B4A-11D0-8D11-00A0C91BC942}") = "2908", "2908\2908.vcxproj", "{4D5B82B7-A6EF-46AB-AD90-40BBD110C674}"
EndProject
Project("{8BC9CEB8-8B4A-11D0-8D11-00A0C91BC942}") = "2920", "2920\2920.vcxproj", "{C63E4A91-E8F0-441A-8AAF-F060642D50EA}"
EndProject
Project("{8BC9CEB8-8B4A-11D0-8D11-00A0C91BC942}") = "3052", "3052\3052.vcxproj", "{AB464CB3-5352-42AF-98BF-0C88922B217E}"
EndProject
Project("{8BC9CEB8-8B4A-11D0-8D11-00A0C91BC942}") = "8958", "8958\8958.vcxproj", "{6E2FC492-DFA2-49C6-BD71-BFB6275ADBCD}"
EndProject
Project("{8BC9CEB8-8B4A-11D0-8D11-00A0C91BC942}") = "9498", "9498\9498.vcxproj", "{3C32B519-7ED7-4198-B24C-F3B9ED5F83E8}"
EndProject
Project("{8BC9CEB8-8B4A-11D0-8D11-00A0C91BC942}") = "10171", "10171\10171.vcxproj", "{8BCD18A1-EF09-4D02-9C0C-00C1F8C8C0AA}"
EndProject
Project("{8BC9CEB8-8B4A-11D0-8D11-00A0C91BC942}") = "10172", "10172\10172.vcxproj", "{E4BD105D-2679-482D-B9BF-4AA201D2BCD2}"
EndProject
Project("{8BC9CEB8-8B4A-11D0-8D11-00A0C91BC942}") = "10809", "10809\10809.vcxproj", "{50A03368-946F-45CB-B8CD-BB2372CB3FC8}"
EndProject
Project("{8BC9CEB8-8B4A-11D0-8D11-00A0C91BC942}") = "10818", "10818\10818.vcxproj", "{6AEC8525-E240-4450-AB81-C86BB4729082}"
EndProject
Project("{8BC9CEB8-8B4A-11D0-8D11-00A0C91BC942}") = "10869", "10869\10869.vcxproj", "{A95869C2-237D-4D85-93AD-FB90144CD347}"
EndProject
Project("{8BC9CEB8-8B4A-11D0-8D11-00A0C91BC942}") = "10871", "10871\10871.vcxproj", "{692CF38A-8D62-4E9F-A2B5-75592DDCCF93}"
EndProject
Project("{8BC9CEB8-8B4A-11D0-8D11-00A0C91BC942}") = "10950", "10950\10950.vcxproj", "{E104DF2A-BC94-4912-8CAF-626C559045BB}"
EndProject
Project("{8BC9CEB8-8B4A-11D0-8D11-00A0C91BC942}") = "10951", "10951\10951.vcxproj", "{504F12CF-9BE7-4E2B-BDBB-7FE418E38438}"
EndProject
Project("{8BC9CEB8-8B4A-11D0-8D11-00A0C91BC942}") = "10952", "10952\10952.vcxproj", "{08A49565-27B8-425B-B678-B67C05E965DE}"
EndProject
Project("{8BC9CEB8-8B4A-11D0-8D11-00A0C91BC942}") = "10998", "10998\10998.vcxproj", "{1F3891ED-C98B-4E5D-9D3C-D89B293ABBEF}"
EndProject
Project("{8BC9CEB8-8B4A-11D0-8D11-00A0C91BC942}") = "11654", "11654\11654.vcxproj", "{4A3B02F4-25FB-4D11-BEE3-C84F56242B07}"
EndProject
Project("{8BC9CEB8-8B4A-11D0-8D11-00A0C91BC942}") = "11720", "11720\11720.vcxproj", "{72957221-40B3-46BA-81B9-2AF426214A68}"
EndProject
Project("{8BC9CEB8-8B4A-11D0-8D11-00A0C91BC942}") = "10828-1", "10828-1\10828-1.vcxproj", "{52EDA9E0-9BB5-4E10-BAA4-1F39F4D920CC}"
EndProject
Project("{8BC9CEB8-8B4A-11D0-8D11-00A0C91BC942}") = "10828-2", "10828-2\10828-2.vcxproj", "{9F9B6A89-ECFB-4C2F-A7FD-D89DCDA9C973}"
EndProject
Project("{8BC9CEB8-8B4A-11D0-8D11-00A0C91BC942}") = "10845-1", "10845-1\10845-1.vcxproj", "{59295322-2B75-4871-866C-DBC095116488}"
EndProject
Project("{8BC9CEB8-8B4A-11D0-8D11-00A0C91BC942}") = "10845-2", "10845-2\10845-2.vcxproj", "{AE2BFDC3-C1A0-46AE-86D6-8A7C987CF463}"
EndProject
Project("{8BC9CEB8-8B4A-11D0-8D11-00A0C91BC942}") = "15552", "15552\15552.vcxproj", "{8C3B4182-5C62-4C4F-BA80-353723020FD2}"
EndProject
Project("{8BC9CEB8-8B4A-11D0-8D11-00A0C91BC942}") = "1966", "1966\1966.vcxproj", "{C88F14F1-D9FB-4E2A-95A8-BD671A17C3C0}"
EndProject
Project("{8BC9CEB8-8B4A-11D0-8D11-00A0C91BC942}") = "11866", "11866\11866.vcxproj", "{10380BB6-E010-46C2-8F63-1D29E6800049}"
EndProject
Global
	GlobalSection(SolutionConfigurationPlatforms) = preSolution
		Debug|x64 = Debug|x64
		Debug|x86 = Debug|x86
		Release|x64 = Release|x64
		Release|x86 = Release|x86
	EndGlobalSection
	GlobalSection(ProjectConfigurationPlatforms) = postSolution
		{69B4F56E-B2CE-4425-ABE9-7A89FBB2689C}.Debug|x64.ActiveCfg = Debug|x64
		{69B4F56E-B2CE-4425-ABE9-7A89FBB2689C}.Debug|x64.Build.0 = Debug|x64
		{69B4F56E-B2CE-4425-ABE9-7A89FBB2689C}.Debug|x86.ActiveCfg = Debug|Win32
		{69B4F56E-B2CE-4425-ABE9-7A89FBB2689C}.Debug|x86.Build.0 = Debug|Win32
		{69B4F56E-B2CE-4425-ABE9-7A89FBB2689C}.Release|x64.ActiveCfg = Release|x64
		{69B4F56E-B2CE-4425-ABE9-7A89FBB2689C}.Release|x64.Build.0 = Release|x64
		{69B4F56E-B2CE-4425-ABE9-7A89FBB2689C}.Release|x86.ActiveCfg = Release|Win32
		{69B4F56E-B2CE-4425-ABE9-7A89FBB2689C}.Release|x86.Build.0 = Release|Win32
		{7784207F-9351-4F3B-A2FA-169A191B6D5C}.Debug|x64.ActiveCfg = Debug|x64
		{7784207F-9351-4F3B-A2FA-169A191B6D5C}.Debug|x64.Build.0 = Debug|x64
		{7784207F-9351-4F3B-A2FA-169A191B6D5C}.Debug|x86.ActiveCfg = Debug|Win32
		{7784207F-9351-4F3B-A2FA-169A191B6D5C}.Debug|x86.Build.0 = Debug|Win32
		{7784207F-9351-4F3B-A2FA-169A191B6D5C}.Release|x64.ActiveCfg = Release|x64
		{7784207F-9351-4F3B-A2FA-169A191B6D5C}.Release|x64.Build.0 = Release|x64
		{7784207F-9351-4F3B-A2FA-169A191B6D5C}.Release|x86.ActiveCfg = Release|Win32
		{7784207F-9351-4F3B-A2FA-169A191B6D5C}.Release|x86.Build.0 = Release|Win32
		{107B9A0C-827B-4923-A513-5BA5206C1F5D}.Debug|x64.ActiveCfg = Debug|x64
		{107B9A0C-827B-4923-A513-5BA5206C1F5D}.Debug|x64.Build.0 = Debug|x64
		{107B9A0C-827B-4923-A513-5BA5206C1F5D}.Debug|x86.ActiveCfg = Debug|Win32
		{107B9A0C-827B-4923-A513-5BA5206C1F5D}.Debug|x86.Build.0 = Debug|Win32
		{107B9A0C-827B-4923-A513-5BA5206C1F5D}.Release|x64.ActiveCfg = Release|x64
		{107B9A0C-827B-4923-A513-5BA5206C1F5D}.Release|x64.Build.0 = Release|x64
		{107B9A0C-827B-4923-A513-5BA5206C1F5D}.Release|x86.ActiveCfg = Release|Win32
		{107B9A0C-827B-4923-A513-5BA5206C1F5D}.Release|x86.Build.0 = Release|Win32
		{9D900E21-4EA7-451D-AA10-A21225BBF660}.Debug|x64.ActiveCfg = Debug|x64
		{9D900E21-4EA7-451D-AA10-A21225BBF660}.Debug|x64.Build.0 = Debug|x64
		{9D900E21-4EA7-451D-AA10-A21225BBF660}.Debug|x86.ActiveCfg = Debug|Win32
		{9D900E21-4EA7-451D-AA10-A21225BBF660}.Debug|x86.Build.0 = Debug|Win32
		{9D900E21-4EA7-451D-AA10-A21225BBF660}.Release|x64.ActiveCfg = Release|x64
		{9D900E21-4EA7-451D-AA10-A21225BBF660}.Release|x64.Build.0 = Release|x64
		{9D900E21-4EA7-451D-AA10-A21225BBF660}.Release|x86.ActiveCfg = Release|Win32
		{9D900E21-4EA7-451D-AA10-A21225BBF660}.Release|x86.Build.0 = Release|Win32
		{0E6FD06B-2C0A-497A-B52A-6D4AA23CF0E7}.Debug|x64.ActiveCfg = Debug|x64
		{0E6FD06B-2C0A-497A-B52A-6D4AA23CF0E7}.Debug|x64.Build.0 = Debug|x64
		{0E6FD06B-2C0A-497A-B52A-6D4AA23CF0E7}.Debug|x86.ActiveCfg = Debug|Win32
		{0E6FD06B-2C0A-497A-B52A-6D4AA23CF0E7}.Debug|x86.Build.0 = Debug|Win32
		{0E6FD06B-2C0A-497A-B52A-6D4AA23CF0E7}.Release|x64.ActiveCfg = Release|x64
		{0E6FD06B-2C0A-497A-B52A-6D4AA23CF0E7}.Release|x64.Build.0 = Release|x64
		{0E6FD06B-2C0A-497A-B52A-6D4AA23CF0E7}.Release|x86.ActiveCfg = Release|Win32
		{0E6FD06B-2C0A-497A-B52A-6D4AA23CF0E7}.Release|x86.Build.0 = Release|Win32
		{38ABC142-4886-42F0-8CDD-2D56B902DC7A}.Debug|x64.ActiveCfg = Debug|x64
		{38ABC142-4886-42F0-8CDD-2D56B902DC7A}.Debug|x64.Build.0 = Debug|x64
		{38ABC142-4886-42F0-8CDD-2D56B902DC7A}.Debug|x86.ActiveCfg = Debug|Win32
		{38ABC142-4886-42F0-8CDD-2D56B902DC7A}.Debug|x86.Build.0 = Debug|Win32
		{38ABC142-4886-42F0-8CDD-2D56B902DC7A}.Release|x64.ActiveCfg = Release|x64
		{38ABC142-4886-42F0-8CDD-2D56B902DC7A}.Release|x64.Build.0 = Release|x64
		{38ABC142-4886-42F0-8CDD-2D56B902DC7A}.Release|x86.ActiveCfg = Release|Win32
		{38ABC142-4886-42F0-8CDD-2D56B902DC7A}.Release|x86.Build.0 = Release|Win32
		{305C7942-D461-40F2-8A5C-63E8D73CAC96}.Debug|x64.ActiveCfg = Debug|x64
		{305C7942-D461-40F2-8A5C-63E8D73CAC96}.Debug|x64.Build.0 = Debug|x64
		{305C7942-D461-40F2-8A5C-63E8D73CAC96}.Debug|x86.ActiveCfg = Debug|Win32
		{305C7942-D461-40F2-8A5C-63E8D73CAC96}.Debug|x86.Build.0 = Debug|Win32
		{305C7942-D461-40F2-8A5C-63E8D73CAC96}.Release|x64.ActiveCfg = Release|x64
		{305C7942-D461-40F2-8A5C-63E8D73CAC96}.Release|x64.Build.0 = Release|x64
		{305C7942-D461-40F2-8A5C-63E8D73CAC96}.Release|x86.ActiveCfg = Release|Win32
		{305C7942-D461-40F2-8A5C-63E8D73CAC96}.Release|x86.Build.0 = Release|Win32
		{5FFA0CB4-3204-4BC2-B835-0D27DAAB4AFA}.Debug|x64.ActiveCfg = Debug|x64
		{5FFA0CB4-3204-4BC2-B835-0D27DAAB4AFA}.Debug|x64.Build.0 = Debug|x64
		{5FFA0CB4-3204-4BC2-B835-0D27DAAB4AFA}.Debug|x86.ActiveCfg = Debug|Win32
		{5FFA0CB4-3204-4BC2-B835-0D27DAAB4AFA}.Debug|x86.Build.0 = Debug|Win32
		{5FFA0CB4-3204-4BC2-B835-0D27DAAB4AFA}.Release|x64.ActiveCfg = Release|x64
		{5FFA0CB4-3204-4BC2-B835-0D27DAAB4AFA}.Release|x64.Build.0 = Release|x64
		{5FFA0CB4-3204-4BC2-B835-0D27DAAB4AFA}.Release|x86.ActiveCfg = Release|Win32
		{5FFA0CB4-3204-4BC2-B835-0D27DAAB4AFA}.Release|x86.Build.0 = Release|Win32
		{8BA15345-6008-45D3-A73F-A1B863EBA158}.Debug|x64.ActiveCfg = Debug|x64
		{8BA15345-6008-45D3-A73F-A1B863EBA158}.Debug|x64.Build.0 = Debug|x64
		{8BA15345-6008-45D3-A73F-A1B863EBA158}.Debug|x86.ActiveCfg = Debug|Win32
		{8BA15345-6008-45D3-A73F-A1B863EBA158}.Debug|x86.Build.0 = Debug|Win32
		{8BA15345-6008-45D3-A73F-A1B863EBA158}.Release|x64.ActiveCfg = Release|x64
		{8BA15345-6008-45D3-A73F-A1B863EBA158}.Release|x64.Build.0 = Release|x64
		{8BA15345-6008-45D3-A73F-A1B863EBA158}.Release|x86.ActiveCfg = Release|Win32
		{8BA15345-6008-45D3-A73F-A1B863EBA158}.Release|x86.Build.0 = Release|Win32
		{D308EB9D-F944-41F3-A8E0-62D4382114EB}.Debug|x64.ActiveCfg = Debug|x64
		{D308EB9D-F944-41F3-A8E0-62D4382114EB}.Debug|x64.Build.0 = Debug|x64
		{D308EB9D-F944-41F3-A8E0-62D4382114EB}.Debug|x86.ActiveCfg = Debug|Win32
		{D308EB9D-F944-41F3-A8E0-62D4382114EB}.Debug|x86.Build.0 = Debug|Win32
		{D308EB9D-F944-41F3-A8E0-62D4382114EB}.Release|x64.ActiveCfg = Release|x64
		{D308EB9D-F944-41F3-A8E0-62D4382114EB}.Release|x64.Build.0 = Release|x64
		{D308EB9D-F944-41F3-A8E0-62D4382114EB}.Release|x86.ActiveCfg = Release|Win32
		{D308EB9D-F944-41F3-A8E0-62D4382114EB}.Release|x86.Build.0 = Release|Win32
		{72C0DB68-00DF-4660-8E12-B25823BDC123}.Debug|x64.ActiveCfg = Debug|x64
		{72C0DB68-00DF-4660-8E12-B25823BDC123}.Debug|x64.Build.0 = Debug|x64
		{72C0DB68-00DF-4660-8E12-B25823BDC123}.Debug|x86.ActiveCfg = Debug|Win32
		{72C0DB68-00DF-4660-8E12-B25823BDC123}.Debug|x86.Build.0 = Debug|Win32
		{72C0DB68-00DF-4660-8E12-B25823BDC123}.Release|x64.ActiveCfg = Release|x64
		{72C0DB68-00DF-4660-8E12-B25823BDC123}.Release|x64.Build.0 = Release|x64
		{72C0DB68-00DF-4660-8E12-B25823BDC123}.Release|x86.ActiveCfg = Release|Win32
		{72C0DB68-00DF-4660-8E12-B25823BDC123}.Release|x86.Build.0 = Release|Win32
		{53FAFD03-0910-4D2E-A2A2-28F0AF93AA25}.Debug|x64.ActiveCfg = Debug|x64
		{53FAFD03-0910-4D2E-A2A2-28F0AF93AA25}.Debug|x64.Build.0 = Debug|x64
		{53FAFD03-0910-4D2E-A2A2-28F0AF93AA25}.Debug|x86.ActiveCfg = Debug|Win32
		{53FAFD03-0910-4D2E-A2A2-28F0AF93AA25}.Debug|x86.Build.0 = Debug|Win32
		{53FAFD03-0910-4D2E-A2A2-28F0AF93AA25}.Release|x64.ActiveCfg = Release|x64
		{53FAFD03-0910-4D2E-A2A2-28F0AF93AA25}.Release|x64.Build.0 = Release|x64
		{53FAFD03-0910-4D2E-A2A2-28F0AF93AA25}.Release|x86.ActiveCfg = Release|Win32
		{53FAFD03-0910-4D2E-A2A2-28F0AF93AA25}.Release|x86.Build.0 = Release|Win32
		{77E96B63-9B64-42AC-BF54-A7745532B2B4}.Debug|x64.ActiveCfg = Debug|x64
		{77E96B63-9B64-42AC-BF54-A7745532B2B4}.Debug|x64.Build.0 = Debug|x64
		{77E96B63-9B64-42AC-BF54-A7745532B2B4}.Debug|x86.ActiveCfg = Debug|Win32
		{77E96B63-9B64-42AC-BF54-A7745532B2B4}.Debug|x86.Build.0 = Debug|Win32
		{77E96B63-9B64-42AC-BF54-A7745532B2B4}.Release|x64.ActiveCfg = Release|x64
		{77E96B63-9B64-42AC-BF54-A7745532B2B4}.Release|x64.Build.0 = Release|x64
		{77E96B63-9B64-42AC-BF54-A7745532B2B4}.Release|x86.ActiveCfg = Release|Win32
		{77E96B63-9B64-42AC-BF54-A7745532B2B4}.Release|x86.Build.0 = Release|Win32
		{FFB3FD24-5F41-41A5-97E0-70072E3A32F4}.Debug|x64.ActiveCfg = Debug|x64
		{FFB3FD24-5F41-41A5-97E0-70072E3A32F4}.Debug|x64.Build.0 = Debug|x64
		{FFB3FD24-5F41-41A5-97E0-70072E3A32F4}.Debug|x86.ActiveCfg = Debug|Win32
		{FFB3FD24-5F41-41A5-97E0-70072E3A32F4}.Debug|x86.Build.0 = Debug|Win32
		{FFB3FD24-5F41-41A5-97E0-70072E3A32F4}.Release|x64.ActiveCfg = Release|x64
		{FFB3FD24-5F41-41A5-97E0-70072E3A32F4}.Release|x64.Build.0 = Release|x64
		{FFB3FD24-5F41-41A5-97E0-70072E3A32F4}.Release|x86.ActiveCfg = Release|Win32
		{FFB3FD24-5F41-41A5-97E0-70072E3A32F4}.Release|x86.Build.0 = Release|Win32
		{5BBDB15B-B7C9-47C3-B50E-795ADE652C16}.Debug|x64.ActiveCfg = Debug|x64
		{5BBDB15B-B7C9-47C3-B50E-795ADE652C16}.Debug|x64.Build.0 = Debug|x64
		{5BBDB15B-B7C9-47C3-B50E-795ADE652C16}.Debug|x86.ActiveCfg = Debug|Win32
		{5BBDB15B-B7C9-47C3-B50E-795ADE652C16}.Debug|x86.Build.0 = Debug|Win32
		{5BBDB15B-B7C9-47C3-B50E-795ADE652C16}.Release|x64.ActiveCfg = Release|x64
		{5BBDB15B-B7C9-47C3-B50E-795ADE652C16}.Release|x64.Build.0 = Release|x64
		{5BBDB15B-B7C9-47C3-B50E-795ADE652C16}.Release|x86.ActiveCfg = Release|Win32
		{5BBDB15B-B7C9-47C3-B50E-795ADE652C16}.Release|x86.Build.0 = Release|Win32
		{A550496B-E1B3-4AC8-BEC9-E4386AEEFF82}.Debug|x64.ActiveCfg = Debug|x64
		{A550496B-E1B3-4AC8-BEC9-E4386AEEFF82}.Debug|x64.Build.0 = Debug|x64
		{A550496B-E1B3-4AC8-BEC9-E4386AEEFF82}.Debug|x86.ActiveCfg = Debug|Win32
		{A550496B-E1B3-4AC8-BEC9-E4386AEEFF82}.Debug|x86.Build.0 = Debug|Win32
		{A550496B-E1B3-4AC8-BEC9-E4386AEEFF82}.Release|x64.ActiveCfg = Release|x64
		{A550496B-E1B3-4AC8-BEC9-E4386AEEFF82}.Release|x64.Build.0 = Release|x64
		{A550496B-E1B3-4AC8-BEC9-E4386AEEFF82}.Release|x86.ActiveCfg = Release|Win32
		{A550496B-E1B3-4AC8-BEC9-E4386AEEFF82}.Release|x86.Build.0 = Release|Win32
		{755F616F-4C87-43D4-8FA3-E694D71DA264}.Debug|x64.ActiveCfg = Debug|x64
		{755F616F-4C87-43D4-8FA3-E694D71DA264}.Debug|x64.Build.0 = Debug|x64
		{755F616F-4C87-43D4-8FA3-E694D71DA264}.Debug|x86.ActiveCfg = Debug|Win32
		{755F616F-4C87-43D4-8FA3-E694D71DA264}.Debug|x86.Build.0 = Debug|Win32
		{755F616F-4C87-43D4-8FA3-E694D71DA264}.Release|x64.ActiveCfg = Release|x64
		{755F616F-4C87-43D4-8FA3-E694D71DA264}.Release|x64.Build.0 = Release|x64
		{755F616F-4C87-43D4-8FA3-E694D71DA264}.Release|x86.ActiveCfg = Release|Win32
		{755F616F-4C87-43D4-8FA3-E694D71DA264}.Release|x86.Build.0 = Release|Win32
		{2454FA15-193C-4257-B609-1D16370FA96C}.Debug|x64.ActiveCfg = Debug|x64
		{2454FA15-193C-4257-B609-1D16370FA96C}.Debug|x64.Build.0 = Debug|x64
		{2454FA15-193C-4257-B609-1D16370FA96C}.Debug|x86.ActiveCfg = Debug|Win32
		{2454FA15-193C-4257-B609-1D16370FA96C}.Debug|x86.Build.0 = Debug|Win32
		{2454FA15-193C-4257-B609-1D16370FA96C}.Release|x64.ActiveCfg = Release|x64
		{2454FA15-193C-4257-B609-1D16370FA96C}.Release|x64.Build.0 = Release|x64
		{2454FA15-193C-4257-B609-1D16370FA96C}.Release|x86.ActiveCfg = Release|Win32
		{2454FA15-193C-4257-B609-1D16370FA96C}.Release|x86.Build.0 = Release|Win32
		{594BF039-E576-4716-98BC-F91F4484E36F}.Debug|x64.ActiveCfg = Debug|x64
		{594BF039-E576-4716-98BC-F91F4484E36F}.Debug|x64.Build.0 = Debug|x64
		{594BF039-E576-4716-98BC-F91F4484E36F}.Debug|x86.ActiveCfg = Debug|Win32
		{594BF039-E576-4716-98BC-F91F4484E36F}.Debug|x86.Build.0 = Debug|Win32
		{594BF039-E576-4716-98BC-F91F4484E36F}.Release|x64.ActiveCfg = Release|x64
		{594BF039-E576-4716-98BC-F91F4484E36F}.Release|x64.Build.0 = Release|x64
		{594BF039-E576-4716-98BC-F91F4484E36F}.Release|x86.ActiveCfg = Release|Win32
		{594BF039-E576-4716-98BC-F91F4484E36F}.Release|x86.Build.0 = Release|Win32
		{4D5B82B7-A6EF-46AB-AD90-40BBD110C674}.Debug|x64.ActiveCfg = Debug|x64
		{4D5B82B7-A6EF-46AB-AD90-40BBD110C674}.Debug|x64.Build.0 = Debug|x64
		{4D5B82B7-A6EF-46AB-AD90-40BBD110C674}.Debug|x86.ActiveCfg = Debug|Win32
		{4D5B82B7-A6EF-46AB-AD90-40BBD110C674}.Debug|x86.Build.0 = Debug|Win32
		{4D5B82B7-A6EF-46AB-AD90-40BBD110C674}.Release|x64.ActiveCfg = Release|x64
		{4D5B82B7-A6EF-46AB-AD90-40BBD110C674}.Release|x64.Build.0 = Release|x64
		{4D5B82B7-A6EF-46AB-AD90-40BBD110C674}.Release|x86.ActiveCfg = Release|Win32
		{4D5B82B7-A6EF-46AB-AD90-40BBD110C674}.Release|x86.Build.0 = Release|Win32
		{C63E4A91-E8F0-441A-8AAF-F060642D50EA}.Debug|x64.ActiveCfg = Debug|x64
		{C63E4A91-E8F0-441A-8AAF-F060642D50EA}.Debug|x64.Build.0 = Debug|x64
		{C63E4A91-E8F0-441A-8AAF-F060642D50EA}.Debug|x86.ActiveCfg = Debug|Win32
		{C63E4A91-E8F0-441A-8AAF-F060642D50EA}.Debug|x86.Build.0 = Debug|Win32
		{C63E4A91-E8F0-441A-8AAF-F060642D50EA}.Release|x64.ActiveCfg = Release|x64
		{C63E4A91-E8F0-441A-8AAF-F060642D50EA}.Release|x64.Build.0 = Release|x64
		{C63E4A91-E8F0-441A-8AAF-F060642D50EA}.Release|x86.ActiveCfg = Release|Win32
		{C63E4A91-E8F0-441A-8AAF-F060642D50EA}.Release|x86.Build.0 = Release|Win32
		{AB464CB3-5352-42AF-98BF-0C88922B217E}.Debug|x64.ActiveCfg = Debug|x64
		{AB464CB3-5352-42AF-98BF-0C88922B217E}.Debug|x64.Build.0 = Debug|x64
		{AB464CB3-5352-42AF-98BF-0C88922B217E}.Debug|x86.ActiveCfg = Debug|Win32
		{AB464CB3-5352-42AF-98BF-0C88922B217E}.Debug|x86.Build.0 = Debug|Win32
		{AB464CB3-5352-42AF-98BF-0C88922B217E}.Release|x64.ActiveCfg = Release|x64
		{AB464CB3-5352-42AF-98BF-0C88922B217E}.Release|x64.Build.0 = Release|x64
		{AB464CB3-5352-42AF-98BF-0C88922B217E}.Release|x86.ActiveCfg = Release|Win32
		{AB464CB3-5352-42AF-98BF-0C88922B217E}.Release|x86.Build.0 = Release|Win32
		{6E2FC492-DFA2-49C6-BD71-BFB6275ADBCD}.Debug|x64.ActiveCfg = Debug|x64
		{6E2FC492-DFA2-49C6-BD71-BFB6275ADBCD}.Debug|x64.Build.0 = Debug|x64
		{6E2FC492-DFA2-49C6-BD71-BFB6275ADBCD}.Debug|x86.ActiveCfg = Debug|Win32
		{6E2FC492-DFA2-49C6-BD71-BFB6275ADBCD}.Debug|x86.Build.0 = Debug|Win32
		{6E2FC492-DFA2-49C6-BD71-BFB6275ADBCD}.Release|x64.ActiveCfg = Release|x64
		{6E2FC492-DFA2-49C6-BD71-BFB6275ADBCD}.Release|x64.Build.0 = Release|x64
		{6E2FC492-DFA2-49C6-BD71-BFB6275ADBCD}.Release|x86.ActiveCfg = Release|Win32
		{6E2FC492-DFA2-49C6-BD71-BFB6275ADBCD}.Release|x86.Build.0 = Release|Win32
		{3C32B519-7ED7-4198-B24C-F3B9ED5F83E8}.Debug|x64.ActiveCfg = Debug|x64
		{3C32B519-7ED7-4198-B24C-F3B9ED5F83E8}.Debug|x64.Build.0 = Debug|x64
		{3C32B519-7ED7-4198-B24C-F3B9ED5F83E8}.Debug|x86.ActiveCfg = Debug|Win32
		{3C32B519-7ED7-4198-B24C-F3B9ED5F83E8}.Debug|x86.Build.0 = Debug|Win32
		{3C32B519-7ED7-4198-B24C-F3B9ED5F83E8}.Release|x64.ActiveCfg = Release|x64
		{3C32B519-7ED7-4198-B24C-F3B9ED5F83E8}.Release|x64.Build.0 = Release|x64
		{3C32B519-7ED7-4198-B24C-F3B9ED5F83E8}.Release|x86.ActiveCfg = Release|Win32
		{3C32B519-7ED7-4198-B24C-F3B9ED5F83E8}.Release|x86.Build.0 = Release|Win32
		{8BCD18A1-EF09-4D02-9C0C-00C1F8C8C0AA}.Debug|x64.ActiveCfg = Debug|x64
		{8BCD18A1-EF09-4D02-9C0C-00C1F8C8C0AA}.Debug|x64.Build.0 = Debug|x64
		{8BCD18A1-EF09-4D02-9C0C-00C1F8C8C0AA}.Debug|x86.ActiveCfg = Debug|Win32
		{8BCD18A1-EF09-4D02-9C0C-00C1F8C8C0AA}.Debug|x86.Build.0 = Debug|Win32
		{8BCD18A1-EF09-4D02-9C0C-00C1F8C8C0AA}.Release|x64.ActiveCfg = Release|x64
		{8BCD18A1-EF09-4D02-9C0C-00C1F8C8C0AA}.Release|x64.Build.0 = Release|x64
		{8BCD18A1-EF09-4D02-9C0C-00C1F8C8C0AA}.Release|x86.ActiveCfg = Release|Win32
		{8BCD18A1-EF09-4D02-9C0C-00C1F8C8C0AA}.Release|x86.Build.0 = Release|Win32
		{E4BD105D-2679-482D-B9BF-4AA201D2BCD2}.Debug|x64.ActiveCfg = Debug|x64
		{E4BD105D-2679-482D-B9BF-4AA201D2BCD2}.Debug|x64.Build.0 = Debug|x64
		{E4BD105D-2679-482D-B9BF-4AA201D2BCD2}.Debug|x86.ActiveCfg = Debug|Win32
		{E4BD105D-2679-482D-B9BF-4AA201D2BCD2}.Debug|x86.Build.0 = Debug|Win32
		{E4BD105D-2679-482D-B9BF-4AA201D2BCD2}.Release|x64.ActiveCfg = Release|x64
		{E4BD105D-2679-482D-B9BF-4AA201D2BCD2}.Release|x64.Build.0 = Release|x64
		{E4BD105D-2679-482D-B9BF-4AA201D2BCD2}.Release|x86.ActiveCfg = Release|Win32
		{E4BD105D-2679-482D-B9BF-4AA201D2BCD2}.Release|x86.Build.0 = Release|Win32
		{50A03368-946F-45CB-B8CD-BB2372CB3FC8}.Debug|x64.ActiveCfg = Debug|x64
		{50A03368-946F-45CB-B8CD-BB2372CB3FC8}.Debug|x64.Build.0 = Debug|x64
		{50A03368-946F-45CB-B8CD-BB2372CB3FC8}.Debug|x86.ActiveCfg = Debug|Win32
		{50A03368-946F-45CB-B8CD-BB2372CB3FC8}.Debug|x86.Build.0 = Debug|Win32
		{50A03368-946F-45CB-B8CD-BB2372CB3FC8}.Release|x64.ActiveCfg = Release|x64
		{50A03368-946F-45CB-B8CD-BB2372CB3FC8}.Release|x64.Build.0 = Release|x64
		{50A03368-946F-45CB-B8CD-BB2372CB3FC8}.Release|x86.ActiveCfg = Release|Win32
		{50A03368-946F-45CB-B8CD-BB2372CB3FC8}.Release|x86.Build.0 = Release|Win32
		{6AEC8525-E240-4450-AB81-C86BB4729082}.Debug|x64.ActiveCfg = Debug|x64
		{6AEC8525-E240-4450-AB81-C86BB4729082}.Debug|x64.Build.0 = Debug|x64
		{6AEC8525-E240-4450-AB81-C86BB4729082}.Debug|x86.ActiveCfg = Debug|Win32
		{6AEC8525-E240-4450-AB81-C86BB4729082}.Debug|x86.Build.0 = Debug|Win32
		{6AEC8525-E240-4450-AB81-C86BB4729082}.Release|x64.ActiveCfg = Release|x64
		{6AEC8525-E240-4450-AB81-C86BB4729082}.Release|x64.Build.0 = Release|x64
		{6AEC8525-E240-4450-AB81-C86BB4729082}.Release|x86.ActiveCfg = Release|Win32
		{6AEC8525-E240-4450-AB81-C86BB4729082}.Release|x86.Build.0 = Release|Win32
		{A95869C2-237D-4D85-93AD-FB90144CD347}.Debug|x64.ActiveCfg = Debug|x64
		{A95869C2-237D-4D85-93AD-FB90144CD347}.Debug|x64.Build.0 = Debug|x64
		{A95869C2-237D-4D85-93AD-FB90144CD347}.Debug|x86.ActiveCfg = Debug|Win32
		{A95869C2-237D-4D85-93AD-FB90144CD347}.Debug|x86.Build.0 = Debug|Win32
		{A95869C2-237D-4D85-93AD-FB90144CD347}.Release|x64.ActiveCfg = Release|x64
		{A95869C2-237D-4D85-93AD-FB90144CD347}.Release|x64.Build.0 = Release|x64
		{A95869C2-237D-4D85-93AD-FB90144CD347}.Release|x86.ActiveCfg = Release|Win32
		{A95869C2-237D-4D85-93AD-FB90144CD347}.Release|x86.Build.0 = Release|Win32
		{692CF38A-8D62-4E9F-A2B5-75592DDCCF93}.Debug|x64.ActiveCfg = Debug|x64
		{692CF38A-8D62-4E9F-A2B5-75592DDCCF93}.Debug|x64.Build.0 = Debug|x64
		{692CF38A-8D62-4E9F-A2B5-75592DDCCF93}.Debug|x86.ActiveCfg = Debug|Win32
		{692CF38A-8D62-4E9F-A2B5-75592DDCCF93}.Debug|x86.Build.0 = Debug|Win32
		{692CF38A-8D62-4E9F-A2B5-75592DDCCF93}.Release|x64.ActiveCfg = Release|x64
		{692CF38A-8D62-4E9F-A2B5-75592DDCCF93}.Release|x64.Build.0 = Release|x64
		{692CF38A-8D62-4E9F-A2B5-75592DDCCF93}.Release|x86.ActiveCfg = Release|Win32
		{692CF38A-8D62-4E9F-A2B5-75592DDCCF93}.Release|x86.Build.0 = Release|Win32
		{E104DF2A-BC94-4912-8CAF-626C559045BB}.Debug|x64.ActiveCfg = Debug|x64
		{E104DF2A-BC94-4912-8CAF-626C559045BB}.Debug|x64.Build.0 = Debug|x64
		{E104DF2A-BC94-4912-8CAF-626C559045BB}.Debug|x86.ActiveCfg = Debug|Win32
		{E104DF2A-BC94-4912-8CAF-626C559045BB}.Debug|x86.Build.0 = Debug|Win32
		{E104DF2A-BC94-4912-8CAF-626C559045BB}.Release|x64.ActiveCfg = Release|x64
		{E104DF2A-BC94-4912-8CAF-626C559045BB}.Release|x64.Build.0 = Release|x64
		{E104DF2A-BC94-4912-8CAF-626C559045BB}.Release|x86.ActiveCfg = Release|Win32
		{E104DF2A-BC94-4912-8CAF-626C559045BB}.Release|x86.Build.0 = Release|Win32
		{504F12CF-9BE7-4E2B-BDBB-7FE418E38438}.Debug|x64.ActiveCfg = Debug|x64
		{504F12CF-9BE7-4E2B-BDBB-7FE418E38438}.Debug|x64.Build.0 = Debug|x64
		{504F12CF-9BE7-4E2B-BDBB-7FE418E38438}.Debug|x86.ActiveCfg = Debug|Win32
		{504F12CF-9BE7-4E2B-BDBB-7FE418E38438}.Debug|x86.Build.0 = Debug|Win32
		{504F12CF-9BE7-4E2B-BDBB-7FE418E38438}.Release|x64.ActiveCfg = Release|x64
		{504F12CF-9BE7-4E2B-BDBB-7FE418E38438}.Release|x64.Build.0 = Release|x64
		{504F12CF-9BE7-4E2B-BDBB-7FE418E38438}.Release|x86.ActiveCfg = Release|Win32
		{504F12CF-9BE7-4E2B-BDBB-7FE418E38438}.Release|x86.Build.0 = Release|Win32
		{08A49565-27B8-425B-B678-B67C05E965DE}.Debug|x64.ActiveCfg = Debug|x64
		{08A49565-27B8-425B-B678-B67C05E965DE}.Debug|x64.Build.0 = Debug|x64
		{08A49565-27B8-425B-B678-B67C05E965DE}.Debug|x86.ActiveCfg = Debug|Win32
		{08A49565-27B8-425B-B678-B67C05E965DE}.Debug|x86.Build.0 = Debug|Win32
		{08A49565-27B8-425B-B678-B67C05E965DE}.Release|x64.ActiveCfg = Release|x64
		{08A49565-27B8-425B-B678-B67C05E965DE}.Release|x64.Build.0 = Release|x64
		{08A49565-27B8-425B-B678-B67C05E965DE}.Release|x86.ActiveCfg = Release|Win32
		{08A49565-27B8-425B-B678-B67C05E965DE}.Release|x86.Build.0 = Release|Win32
		{1F3891ED-C98B-4E5D-9D3C-D89B293ABBEF}.Debug|x64.ActiveCfg = Debug|x64
		{1F3891ED-C98B-4E5D-9D3C-D89B293ABBEF}.Debug|x64.Build.0 = Debug|x64
		{1F3891ED-C98B-4E5D-9D3C-D89B293ABBEF}.Debug|x86.ActiveCfg = Debug|Win32
		{1F3891ED-C98B-4E5D-9D3C-D89B293ABBEF}.Debug|x86.Build.0 = Debug|Win32
		{1F3891ED-C98B-4E5D-9D3C-D89B293ABBEF}.Release|x64.ActiveCfg = Release|x64
		{1F3891ED-C98B-4E5D-9D3C-D89B293ABBEF}.Release|x64.Build.0 = Release|x64
		{1F3891ED-C98B-4E5D-9D3C-D89B293ABBEF}.Release|x86.ActiveCfg = Release|Win32
		{1F3891ED-C98B-4E5D-9D3C-D89B293ABBEF}.Release|x86.Build.0 = Release|Win32
		{4A3B02F4-25FB-4D11-BEE3-C84F56242B07}.Debug|x64.ActiveCfg = Debug|x64
		{4A3B02F4-25FB-4D11-BEE3-C84F56242B07}.Debug|x64.Build.0 = Debug|x64
		{4A3B02F4-25FB-4D11-BEE3-C84F56242B07}.Debug|x86.ActiveCfg = Debug|Win32
		{4A3B02F4-25FB-4D11-BEE3-C84F56242B07}.Debug|x86.Build.0 = Debug|Win32
		{4A3B02F4-25FB-4D11-BEE3-C84F56242B07}.Release|x64.ActiveCfg = Release|x64
		{4A3B02F4-25FB-4D11-BEE3-C84F56242B07}.Release|x64.Build.0 = Release|x64
		{4A3B02F4-25FB-4D11-BEE3-C84F56242B07}.Release|x86.ActiveCfg = Release|Win32
		{4A3B02F4-25FB-4D11-BEE3-C84F56242B07}.Release|x86.Build.0 = Release|Win32
		{72957221-40B3-46BA-81B9-2AF426214A68}.Debug|x64.ActiveCfg = Debug|x64
		{72957221-40B3-46BA-81B9-2AF426214A68}.Debug|x64.Build.0 = Debug|x64
		{72957221-40B3-46BA-81B9-2AF426214A68}.Debug|x86.ActiveCfg = Debug|Win32
		{72957221-40B3-46BA-81B9-2AF426214A68}.Debug|x86.Build.0 = Debug|Win32
		{72957221-40B3-46BA-81B9-2AF426214A68}.Release|x64.ActiveCfg = Release|x64
		{72957221-40B3-46BA-81B9-2AF426214A68}.Release|x64.Build.0 = Release|x64
		{72957221-40B3-46BA-81B9-2AF426214A68}.Release|x86.ActiveCfg = Release|Win32
		{72957221-40B3-46BA-81B9-2AF426214A68}.Release|x86.Build.0 = Release|Win32
		{52EDA9E0-9BB5-4E10-BAA4-1F39F4D920CC}.Debug|x64.ActiveCfg = Debug|x64
		{52EDA9E0-9BB5-4E10-BAA4-1F39F4D920CC}.Debug|x64.Build.0 = Debug|x64
		{52EDA9E0-9BB5-4E10-BAA4-1F39F4D920CC}.Debug|x86.ActiveCfg = Debug|Win32
		{52EDA9E0-9BB5-4E10-BAA4-1F39F4D920CC}.Debug|x86.Build.0 = Debug|Win32
		{52EDA9E0-9BB5-4E10-BAA4-1F39F4D920CC}.Release|x64.ActiveCfg = Release|x64
		{52EDA9E0-9BB5-4E10-BAA4-1F39F4D920CC}.Release|x64.Build.0 = Release|x64
		{52EDA9E0-9BB5-4E10-BAA4-1F39F4D920CC}.Release|x86.ActiveCfg = Release|Win32
		{52EDA9E0-9BB5-4E10-BAA4-1F39F4D920CC}.Release|x86.Build.0 = Release|Win32
		{9F9B6A89-ECFB-4C2F-A7FD-D89DCDA9C973}.Debug|x64.ActiveCfg = Debug|x64
		{9F9B6A89-ECFB-4C2F-A7FD-D89DCDA9C973}.Debug|x64.Build.0 = Debug|x64
		{9F9B6A89-ECFB-4C2F-A7FD-D89DCDA9C973}.Debug|x86.ActiveCfg = Debug|Win32
		{9F9B6A89-ECFB-4C2F-A7FD-D89DCDA9C973}.Debug|x86.Build.0 = Debug|Win32
		{9F9B6A89-ECFB-4C2F-A7FD-D89DCDA9C973}.Release|x64.ActiveCfg = Release|x64
		{9F9B6A89-ECFB-4C2F-A7FD-D89DCDA9C973}.Release|x64.Build.0 = Release|x64
		{9F9B6A89-ECFB-4C2F-A7FD-D89DCDA9C973}.Release|x86.ActiveCfg = Release|Win32
		{9F9B6A89-ECFB-4C2F-A7FD-D89DCDA9C973}.Release|x86.Build.0 = Release|Win32
		{59295322-2B75-4871-866C-DBC095116488}.Debug|x64.ActiveCfg = Debug|x64
		{59295322-2B75-4871-866C-DBC095116488}.Debug|x64.Build.0 = Debug|x64
		{59295322-2B75-4871-866C-DBC095116488}.Debug|x86.ActiveCfg = Debug|Win32
		{59295322-2B75-4871-866C-DBC095116488}.Debug|x86.Build.0 = Debug|Win32
		{59295322-2B75-4871-866C-DBC095116488}.Release|x64.ActiveCfg = Release|x64
		{59295322-2B75-4871-866C-DBC095116488}.Release|x64.Build.0 = Release|x64
		{59295322-2B75-4871-866C-DBC095116488}.Release|x86.ActiveCfg = Release|Win32
		{59295322-2B75-4871-866C-DBC095116488}.Release|x86.Build.0 = Release|Win32
		{AE2BFDC3-C1A0-46AE-86D6-8A7C987CF463}.Debug|x64.ActiveCfg = Debug|x64
		{AE2BFDC3-C1A0-46AE-86D6-8A7C987CF463}.Debug|x64.Build.0 = Debug|x64
		{AE2BFDC3-C1A0-46AE-86D6-8A7C987CF463}.Debug|x86.ActiveCfg = Debug|Win32
		{AE2BFDC3-C1A0-46AE-86D6-8A7C987CF463}.Debug|x86.Build.0 = Debug|Win32
		{AE2BFDC3-C1A0-46AE-86D6-8A7C987CF463}.Release|x64.ActiveCfg = Release|x64
		{AE2BFDC3-C1A0-46AE-86D6-8A7C987CF463}.Release|x64.Build.0 = Release|x64
		{AE2BFDC3-C1A0-46AE-86D6-8A7C987CF463}.Release|x86.ActiveCfg = Release|Win32
		{AE2BFDC3-C1A0-46AE-86D6-8A7C987CF463}.Release|x86.Build.0 = Release|Win32
		{8C3B4182-5C62-4C4F-BA80-353723020FD2}.Debug|x64.ActiveCfg = Debug|x64
		{8C3B4182-5C62-4C4F-BA80-353723020FD2}.Debug|x64.Build.0 = Debug|x64
		{8C3B4182-5C62-4C4F-BA80-353723020FD2}.Debug|x86.ActiveCfg = Debug|Win32
		{8C3B4182-5C62-4C4F-BA80-353723020FD2}.Debug|x86.Build.0 = Debug|Win32
		{8C3B4182-5C62-4C4F-BA80-353723020FD2}.Release|x64.ActiveCfg = Release|x64
		{8C3B4182-5C62-4C4F-BA80-353723020FD2}.Release|x64.Build.0 = Release|x64
		{8C3B4182-5C62-4C4F-BA80-353723020FD2}.Release|x86.ActiveCfg = Release|Win32
		{8C3B4182-5C62-4C4F-BA80-353723020FD2}.Release|x86.Build.0 = Release|Win32
		{C88F14F1-D9FB-4E2A-95A8-BD671A17C3C0}.Debug|x64.ActiveCfg = Debug|x64
		{C88F14F1-D9FB-4E2A-95A8-BD671A17C3C0}.Debug|x64.Build.0 = Debug|x64
		{C88F14F1-D9FB-4E2A-95A8-BD671A17C3C0}.Debug|x86.ActiveCfg = Debug|Win32
		{C88F14F1-D9FB-4E2A-95A8-BD671A17C3C0}.Debug|x86.Build.0 = Debug|Win32
		{C88F14F1-D9FB-4E2A-95A8-BD671A17C3C0}.Release|x64.ActiveCfg = Release|x64
		{C88F14F1-D9FB-4E2A-95A8-BD671A17C3C0}.Release|x64.Build.0 = Release|x64
		{C88F14F1-D9FB-4E2A-95A8-BD671A17C3C0}.Release|x86.ActiveCfg = Release|Win32
		{C88F14F1-D9FB-4E2A-95A8-BD671A17C3C0}.Release|x86.Build.0 = Release|Win32
		{10380BB6-E010-46C2-8F63-1D29E6800049}.Debug|x64.ActiveCfg = Debug|x64
		{10380BB6-E010-46C2-8F63-1D29E6800049}.Debug|x64.Build.0 = Debug|x64
		{10380BB6-E010-46C2-8F63-1D29E6800049}.Debug|x86.ActiveCfg = Debug|Win32
		{10380BB6-E010-46C2-8F63-1D29E6800049}.Debug|x86.Build.0 = Debug|Win32
		{10380BB6-E010-46C2-8F63-1D29E6800049}.Release|x64.ActiveCfg = Release|x64
		{10380BB6-E010-46C2-8F63-1D29E6800049}.Release|x64.Build.0 = Release|x64
		{10380BB6-E010-46C2-8F63-1D29E6800049}.Release|x86.ActiveCfg = Release|Win32
		{10380BB6-E010-46C2-8F63-1D29E6800049}.Release|x86.Build.0 = Release|Win32
	EndGlobalSection
	GlobalSection(SolutionProperties) = preSolution
		HideSolutionNode = FALSE
	EndGlobalSection
	GlobalSection(ExtensibilityGlobals) = postSolution
		SolutionGuid = {ED14D401-0440-41EB-A7AB-B9F6A905ADEB}
	EndGlobalSection
EndGlobal
